// !$*UTF8*$!
{
	archiveVersion = 1;
	classes = {
	};
	objectVersion = 52;
	objects = {

/* Begin PBXBuildFile section */
		BB57D72024A717CD00C3DBA1 /* QCHomeView.swift in Sources */ = {isa = PBXBuildFile; fileRef = BB57D71F24A717CD00C3DBA1 /* QCHomeView.swift */; };
		BB57D72224A7371C00C3DBA1 /* QCHomeDetailView.swift in Sources */ = {isa = PBXBuildFile; fileRef = BB57D72124A7371C00C3DBA1 /* QCHomeDetailView.swift */; };
		BB57D72424A7546A00C3DBA1 /* QCUpdatesListView.swift in Sources */ = {isa = PBXBuildFile; fileRef = BB57D72324A7546A00C3DBA1 /* QCUpdatesListView.swift */; };
		BB57D72624A770FA00C3DBA1 /* QCUpdateDetailView.swift in Sources */ = {isa = PBXBuildFile; fileRef = BB57D72524A770FA00C3DBA1 /* QCUpdateDetailView.swift */; };
		BB57D72824A778EE00C3DBA1 /* QCUpdateStore.swift in Sources */ = {isa = PBXBuildFile; fileRef = BB57D72724A778EE00C3DBA1 /* QCUpdateStore.swift */; };
		BB57D72A24A7963A00C3DBA1 /* QCTabBarView.swift in Sources */ = {isa = PBXBuildFile; fileRef = BB57D72924A7963A00C3DBA1 /* QCTabBarView.swift */; };
		BB57D72C24A7B16F00C3DBA1 /* QCRingView.swift in Sources */ = {isa = PBXBuildFile; fileRef = BB57D72B24A7B16F00C3DBA1 /* QCRingView.swift */; };
		BB66A17A24A61792004F82D4 /* QCMenuView.swift in Sources */ = {isa = PBXBuildFile; fileRef = BB66A17924A61792004F82D4 /* QCMenuView.swift */; };
		BB7FC73A24A49FAF008FD8F8 /* AppDelegate.swift in Sources */ = {isa = PBXBuildFile; fileRef = BB7FC73924A49FAF008FD8F8 /* AppDelegate.swift */; };
		BB7FC73C24A49FAF008FD8F8 /* SceneDelegate.swift in Sources */ = {isa = PBXBuildFile; fileRef = BB7FC73B24A49FAF008FD8F8 /* SceneDelegate.swift */; };
		BB7FC73E24A49FAF008FD8F8 /* QCContentView.swift in Sources */ = {isa = PBXBuildFile; fileRef = BB7FC73D24A49FAF008FD8F8 /* QCContentView.swift */; };
		BB7FC74324A49FBB008FD8F8 /* Preview Assets.xcassets in Resources */ = {isa = PBXBuildFile; fileRef = BB7FC74224A49FBB008FD8F8 /* Preview Assets.xcassets */; };
		BB7FC74624A49FBB008FD8F8 /* LaunchScreen.storyboard in Resources */ = {isa = PBXBuildFile; fileRef = BB7FC74424A49FBB008FD8F8 /* LaunchScreen.storyboard */; };
		BB7FC74E24A4A0BD008FD8F8 /* Assets.xcassets in Resources */ = {isa = PBXBuildFile; fileRef = BB7FC74D24A4A0BD008FD8F8 /* Assets.xcassets */; };
		BB99F48924AC2CB40077D7FC /* Contentful in Frameworks */ = {isa = PBXBuildFile; productRef = BB99F48824AC2CB40077D7FC /* Contentful */; };
		BB99F48C24AC2EC90077D7FC /* SDWebImageSwiftUI in Frameworks */ = {isa = PBXBuildFile; productRef = BB99F48B24AC2EC90077D7FC /* SDWebImageSwiftUI */; };
		BBD9210B24AB66F700539CC9 /* QCDataStore.swift in Sources */ = {isa = PBXBuildFile; fileRef = BBD9210A24AB66F700539CC9 /* QCDataStore.swift */; };
		BBD9211024AB72A900539CC9 /* QCCourseStore.swift in Sources */ = {isa = PBXBuildFile; fileRef = BBD9210F24AB72A900539CC9 /* QCCourseStore.swift */; };
		BBF340F224A83C8D0067AAA3 /* QCModifiers.swift in Sources */ = {isa = PBXBuildFile; fileRef = BBF340F124A83C8D0067AAA3 /* QCModifiers.swift */; };
		BBF340FE24A8434D0067AAA3 /* WorkSans-Regular.ttf in Resources */ = {isa = PBXBuildFile; fileRef = BBF340F424A8434D0067AAA3 /* WorkSans-Regular.ttf */; };
		BBF340FF24A8434D0067AAA3 /* WorkSans-Light.ttf in Resources */ = {isa = PBXBuildFile; fileRef = BBF340F524A8434D0067AAA3 /* WorkSans-Light.ttf */; };
		BBF3410024A8434D0067AAA3 /* WorkSans-ExtraBold.ttf in Resources */ = {isa = PBXBuildFile; fileRef = BBF340F624A8434D0067AAA3 /* WorkSans-ExtraBold.ttf */; };
		BBF3410124A8434D0067AAA3 /* WorkSans-ExtraLight.ttf in Resources */ = {isa = PBXBuildFile; fileRef = BBF340F724A8434D0067AAA3 /* WorkSans-ExtraLight.ttf */; };
		BBF3410224A8434D0067AAA3 /* WorkSans-Medium.ttf in Resources */ = {isa = PBXBuildFile; fileRef = BBF340F824A8434D0067AAA3 /* WorkSans-Medium.ttf */; };
		BBF3410324A8434D0067AAA3 /* WorkSans-SemiBold.ttf in Resources */ = {isa = PBXBuildFile; fileRef = BBF340F924A8434D0067AAA3 /* WorkSans-SemiBold.ttf */; };
		BBF3410424A8434D0067AAA3 /* OFL.txt in Resources */ = {isa = PBXBuildFile; fileRef = BBF340FA24A8434D0067AAA3 /* OFL.txt */; };
		BBF3410524A8434D0067AAA3 /* WorkSans-Thin.ttf in Resources */ = {isa = PBXBuildFile; fileRef = BBF340FB24A8434D0067AAA3 /* WorkSans-Thin.ttf */; };
		BBF3410624A8434D0067AAA3 /* WorkSans-Black.ttf in Resources */ = {isa = PBXBuildFile; fileRef = BBF340FC24A8434D0067AAA3 /* WorkSans-Black.ttf */; };
		BBF3410724A8434D0067AAA3 /* WorkSans-Bold.ttf in Resources */ = {isa = PBXBuildFile; fileRef = BBF340FD24A8434D0067AAA3 /* WorkSans-Bold.ttf */; };
		BBF3410924A87AB50067AAA3 /* QCCourseListView.swift in Sources */ = {isa = PBXBuildFile; fileRef = BBF3410824A87AB50067AAA3 /* QCCourseListView.swift */; };
		BBF3410B24AA186A0067AAA3 /* QCCourseDetail.swift in Sources */ = {isa = PBXBuildFile; fileRef = BBF3410A24AA186A0067AAA3 /* QCCourseDetail.swift */; };
		BBF3410D24AA35F00067AAA3 /* QCData.swift in Sources */ = {isa = PBXBuildFile; fileRef = BBF3410C24AA35F00067AAA3 /* QCData.swift */; };
		BBF3410F24AA58E40067AAA3 /* QCPostList.swift in Sources */ = {isa = PBXBuildFile; fileRef = BBF3410E24AA58E40067AAA3 /* QCPostList.swift */; };
/* End PBXBuildFile section */

/* Begin PBXFileReference section */
		BB57D71F24A717CD00C3DBA1 /* QCHomeView.swift */ = {isa = PBXFileReference; lastKnownFileType = sourcecode.swift; path = QCHomeView.swift; sourceTree = "<group>"; };
		BB57D72124A7371C00C3DBA1 /* QCHomeDetailView.swift */ = {isa = PBXFileReference; lastKnownFileType = sourcecode.swift; path = QCHomeDetailView.swift; sourceTree = "<group>"; };
		BB57D72324A7546A00C3DBA1 /* QCUpdatesListView.swift */ = {isa = PBXFileReference; lastKnownFileType = sourcecode.swift; path = QCUpdatesListView.swift; sourceTree = "<group>"; };
		BB57D72524A770FA00C3DBA1 /* QCUpdateDetailView.swift */ = {isa = PBXFileReference; lastKnownFileType = sourcecode.swift; path = QCUpdateDetailView.swift; sourceTree = "<group>"; };
		BB57D72724A778EE00C3DBA1 /* QCUpdateStore.swift */ = {isa = PBXFileReference; lastKnownFileType = sourcecode.swift; path = QCUpdateStore.swift; sourceTree = "<group>"; };
		BB57D72924A7963A00C3DBA1 /* QCTabBarView.swift */ = {isa = PBXFileReference; lastKnownFileType = sourcecode.swift; path = QCTabBarView.swift; sourceTree = "<group>"; };
		BB57D72B24A7B16F00C3DBA1 /* QCRingView.swift */ = {isa = PBXFileReference; lastKnownFileType = sourcecode.swift; path = QCRingView.swift; sourceTree = "<group>"; };
		BB66A17924A61792004F82D4 /* QCMenuView.swift */ = {isa = PBXFileReference; lastKnownFileType = sourcecode.swift; path = QCMenuView.swift; sourceTree = "<group>"; };
		BB7FC73624A49FAF008FD8F8 /* DesignCode.app */ = {isa = PBXFileReference; explicitFileType = wrapper.application; includeInIndex = 0; path = DesignCode.app; sourceTree = BUILT_PRODUCTS_DIR; };
		BB7FC73924A49FAF008FD8F8 /* AppDelegate.swift */ = {isa = PBXFileReference; lastKnownFileType = sourcecode.swift; path = AppDelegate.swift; sourceTree = "<group>"; };
		BB7FC73B24A49FAF008FD8F8 /* SceneDelegate.swift */ = {isa = PBXFileReference; lastKnownFileType = sourcecode.swift; path = SceneDelegate.swift; sourceTree = "<group>"; };
		BB7FC73D24A49FAF008FD8F8 /* QCContentView.swift */ = {isa = PBXFileReference; lastKnownFileType = sourcecode.swift; path = QCContentView.swift; sourceTree = "<group>"; };
		BB7FC74224A49FBB008FD8F8 /* Preview Assets.xcassets */ = {isa = PBXFileReference; lastKnownFileType = folder.assetcatalog; path = "Preview Assets.xcassets"; sourceTree = "<group>"; };
		BB7FC74524A49FBB008FD8F8 /* Base */ = {isa = PBXFileReference; lastKnownFileType = file.storyboard; name = Base; path = Base.lproj/LaunchScreen.storyboard; sourceTree = "<group>"; };
		BB7FC74724A49FBB008FD8F8 /* Info.plist */ = {isa = PBXFileReference; lastKnownFileType = text.plist.xml; path = Info.plist; sourceTree = "<group>"; };
		BB7FC74D24A4A0BD008FD8F8 /* Assets.xcassets */ = {isa = PBXFileReference; lastKnownFileType = folder.assetcatalog; path = Assets.xcassets; sourceTree = "<group>"; };
		BBD9210A24AB66F700539CC9 /* QCDataStore.swift */ = {isa = PBXFileReference; lastKnownFileType = sourcecode.swift; path = QCDataStore.swift; sourceTree = "<group>"; };
		BBD9210F24AB72A900539CC9 /* QCCourseStore.swift */ = {isa = PBXFileReference; lastKnownFileType = sourcecode.swift; path = QCCourseStore.swift; sourceTree = "<group>"; };
		BBD9213324AB9D3E00539CC9 /* SDWebImageSwiftUI */ = {isa = PBXFileReference; lastKnownFileType = folder; name = SDWebImageSwiftUI; path = ../../../../SDWebImageSwiftUI; sourceTree = "<group>"; };
		BBF340F124A83C8D0067AAA3 /* QCModifiers.swift */ = {isa = PBXFileReference; lastKnownFileType = sourcecode.swift; path = QCModifiers.swift; sourceTree = "<group>"; };
		BBF340F424A8434D0067AAA3 /* WorkSans-Regular.ttf */ = {isa = PBXFileReference; lastKnownFileType = file; path = "WorkSans-Regular.ttf"; sourceTree = "<group>"; };
		BBF340F524A8434D0067AAA3 /* WorkSans-Light.ttf */ = {isa = PBXFileReference; lastKnownFileType = file; path = "WorkSans-Light.ttf"; sourceTree = "<group>"; };
		BBF340F624A8434D0067AAA3 /* WorkSans-ExtraBold.ttf */ = {isa = PBXFileReference; lastKnownFileType = file; path = "WorkSans-ExtraBold.ttf"; sourceTree = "<group>"; };
		BBF340F724A8434D0067AAA3 /* WorkSans-ExtraLight.ttf */ = {isa = PBXFileReference; lastKnownFileType = file; path = "WorkSans-ExtraLight.ttf"; sourceTree = "<group>"; };
		BBF340F824A8434D0067AAA3 /* WorkSans-Medium.ttf */ = {isa = PBXFileReference; lastKnownFileType = file; path = "WorkSans-Medium.ttf"; sourceTree = "<group>"; };
		BBF340F924A8434D0067AAA3 /* WorkSans-SemiBold.ttf */ = {isa = PBXFileReference; lastKnownFileType = file; path = "WorkSans-SemiBold.ttf"; sourceTree = "<group>"; };
		BBF340FA24A8434D0067AAA3 /* OFL.txt */ = {isa = PBXFileReference; fileEncoding = 4; lastKnownFileType = text; path = OFL.txt; sourceTree = "<group>"; };
		BBF340FB24A8434D0067AAA3 /* WorkSans-Thin.ttf */ = {isa = PBXFileReference; lastKnownFileType = file; path = "WorkSans-Thin.ttf"; sourceTree = "<group>"; };
		BBF340FC24A8434D0067AAA3 /* WorkSans-Black.ttf */ = {isa = PBXFileReference; lastKnownFileType = file; path = "WorkSans-Black.ttf"; sourceTree = "<group>"; };
		BBF340FD24A8434D0067AAA3 /* WorkSans-Bold.ttf */ = {isa = PBXFileReference; lastKnownFileType = file; path = "WorkSans-Bold.ttf"; sourceTree = "<group>"; };
		BBF3410824A87AB50067AAA3 /* QCCourseListView.swift */ = {isa = PBXFileReference; lastKnownFileType = sourcecode.swift; path = QCCourseListView.swift; sourceTree = "<group>"; };
		BBF3410A24AA186A0067AAA3 /* QCCourseDetail.swift */ = {isa = PBXFileReference; lastKnownFileType = sourcecode.swift; path = QCCourseDetail.swift; sourceTree = "<group>"; };
		BBF3410C24AA35F00067AAA3 /* QCData.swift */ = {isa = PBXFileReference; lastKnownFileType = sourcecode.swift; path = QCData.swift; sourceTree = "<group>"; };
		BBF3410E24AA58E40067AAA3 /* QCPostList.swift */ = {isa = PBXFileReference; lastKnownFileType = sourcecode.swift; path = QCPostList.swift; sourceTree = "<group>"; };
/* End PBXFileReference section */

/* Begin PBXFrameworksBuildPhase section */
		BB7FC73324A49FAF008FD8F8 /* Frameworks */ = {
			isa = PBXFrameworksBuildPhase;
			buildActionMask = 2147483647;
			files = (
				BB99F48C24AC2EC90077D7FC /* SDWebImageSwiftUI in Frameworks */,
				BB99F48924AC2CB40077D7FC /* Contentful in Frameworks */,
			);
			runOnlyForDeploymentPostprocessing = 0;
		};
/* End PBXFrameworksBuildPhase section */

/* Begin PBXGroup section */
		BB7FC72D24A49FAF008FD8F8 = {
			isa = PBXGroup;
			children = (
				BB7FC73824A49FAF008FD8F8 /* DesignCode */,
				BB7FC73724A49FAF008FD8F8 /* Products */,
			);
			sourceTree = "<group>";
		};
		BB7FC73724A49FAF008FD8F8 /* Products */ = {
			isa = PBXGroup;
			children = (
				BB7FC73624A49FAF008FD8F8 /* DesignCode.app */,
			);
			name = Products;
			sourceTree = "<group>";
		};
		BB7FC73824A49FAF008FD8F8 /* DesignCode */ = {
			isa = PBXGroup;
			children = (
				BBD9213324AB9D3E00539CC9 /* SDWebImageSwiftUI */,
				BB7FC73924A49FAF008FD8F8 /* AppDelegate.swift */,
				BB7FC73B24A49FAF008FD8F8 /* SceneDelegate.swift */,
				BB7FC73D24A49FAF008FD8F8 /* QCContentView.swift */,
				BB57D72B24A7B16F00C3DBA1 /* QCRingView.swift */,
				BB57D71F24A717CD00C3DBA1 /* QCHomeView.swift */,
				BB57D72124A7371C00C3DBA1 /* QCHomeDetailView.swift */,
				BBF3410824A87AB50067AAA3 /* QCCourseListView.swift */,
				BBF3410A24AA186A0067AAA3 /* QCCourseDetail.swift */,
				BBD9210F24AB72A900539CC9 /* QCCourseStore.swift */,
				BB66A17924A61792004F82D4 /* QCMenuView.swift */,
				BB57D72324A7546A00C3DBA1 /* QCUpdatesListView.swift */,
				BB57D72524A770FA00C3DBA1 /* QCUpdateDetailView.swift */,
				BB57D72724A778EE00C3DBA1 /* QCUpdateStore.swift */,
				BBF3410C24AA35F00067AAA3 /* QCData.swift */,
				BBD9210A24AB66F700539CC9 /* QCDataStore.swift */,
				BBF3410E24AA58E40067AAA3 /* QCPostList.swift */,
				BB57D72924A7963A00C3DBA1 /* QCTabBarView.swift */,
				BBF340F124A83C8D0067AAA3 /* QCModifiers.swift */,
				BB7FC74424A49FBB008FD8F8 /* LaunchScreen.storyboard */,
				BB7FC74724A49FBB008FD8F8 /* Info.plist */,
				BB7FC74D24A4A0BD008FD8F8 /* Assets.xcassets */,
				BBF340F324A8434D0067AAA3 /* Work_Sans */,
				BB7FC74124A49FBB008FD8F8 /* Preview Content */,
			);
			path = DesignCode;
			sourceTree = "<group>";
		};
		BB7FC74124A49FBB008FD8F8 /* Preview Content */ = {
			isa = PBXGroup;
			children = (
				BB7FC74224A49FBB008FD8F8 /* Preview Assets.xcassets */,
			);
			path = "Preview Content";
			sourceTree = "<group>";
		};
		BBF340F324A8434D0067AAA3 /* Work_Sans */ = {
			isa = PBXGroup;
			children = (
				BBF340F424A8434D0067AAA3 /* WorkSans-Regular.ttf */,
				BBF340F524A8434D0067AAA3 /* WorkSans-Light.ttf */,
				BBF340F624A8434D0067AAA3 /* WorkSans-ExtraBold.ttf */,
				BBF340F724A8434D0067AAA3 /* WorkSans-ExtraLight.ttf */,
				BBF340F824A8434D0067AAA3 /* WorkSans-Medium.ttf */,
				BBF340F924A8434D0067AAA3 /* WorkSans-SemiBold.ttf */,
				BBF340FA24A8434D0067AAA3 /* OFL.txt */,
				BBF340FB24A8434D0067AAA3 /* WorkSans-Thin.ttf */,
				BBF340FC24A8434D0067AAA3 /* WorkSans-Black.ttf */,
				BBF340FD24A8434D0067AAA3 /* WorkSans-Bold.ttf */,
			);
			path = Work_Sans;
			sourceTree = "<group>";
		};
/* End PBXGroup section */

/* Begin PBXNativeTarget section */
		BB7FC73524A49FAF008FD8F8 /* DesignCode */ = {
			isa = PBXNativeTarget;
			buildConfigurationList = BB7FC74A24A49FBB008FD8F8 /* Build configuration list for PBXNativeTarget "DesignCode" */;
			buildPhases = (
				BB7FC73224A49FAF008FD8F8 /* Sources */,
				BB7FC73324A49FAF008FD8F8 /* Frameworks */,
				BB7FC73424A49FAF008FD8F8 /* Resources */,
			);
			buildRules = (
			);
			dependencies = (
			);
			name = DesignCode;
			packageProductDependencies = (
				BB99F48824AC2CB40077D7FC /* Contentful */,
				BB99F48B24AC2EC90077D7FC /* SDWebImageSwiftUI */,
			);
			productName = DesignCode;
			productReference = BB7FC73624A49FAF008FD8F8 /* DesignCode.app */;
			productType = "com.apple.product-type.application";
		};
/* End PBXNativeTarget section */

/* Begin PBXProject section */
		BB7FC72E24A49FAF008FD8F8 /* Project object */ = {
			isa = PBXProject;
			attributes = {
				CLASSPREFIX = QC;
				LastSwiftUpdateCheck = 1150;
				LastUpgradeCheck = 1150;
				ORGANIZATIONNAME = weiqiucen;
				TargetAttributes = {
					BB7FC73524A49FAF008FD8F8 = {
						CreatedOnToolsVersion = 11.5;
					};
				};
			};
			buildConfigurationList = BB7FC73124A49FAF008FD8F8 /* Build configuration list for PBXProject "DesignCode" */;
			compatibilityVersion = "Xcode 9.3";
			developmentRegion = en;
			hasScannedForEncodings = 0;
			knownRegions = (
				en,
				Base,
			);
			mainGroup = BB7FC72D24A49FAF008FD8F8;
			packageReferences = (
				BB99F48724AC2CB40077D7FC /* XCRemoteSwiftPackageReference "contentful.swift" */,
				BB99F48A24AC2EC90077D7FC /* XCRemoteSwiftPackageReference "SDWebImageSwiftUI" */,
			);
			productRefGroup = BB7FC73724A49FAF008FD8F8 /* Products */;
			projectDirPath = "";
			projectRoot = "";
			targets = (
				BB7FC73524A49FAF008FD8F8 /* DesignCode */,
			);
		};
/* End PBXProject section */

/* Begin PBXResourcesBuildPhase section */
		BB7FC73424A49FAF008FD8F8 /* Resources */ = {
			isa = PBXResourcesBuildPhase;
			buildActionMask = 2147483647;
			files = (
				BBF3410624A8434D0067AAA3 /* WorkSans-Black.ttf in Resources */,
				BBF3410424A8434D0067AAA3 /* OFL.txt in Resources */,
				BBF3410124A8434D0067AAA3 /* WorkSans-ExtraLight.ttf in Resources */,
				BB7FC74624A49FBB008FD8F8 /* LaunchScreen.storyboard in Resources */,
				BB7FC74E24A4A0BD008FD8F8 /* Assets.xcassets in Resources */,
				BB7FC74324A49FBB008FD8F8 /* Preview Assets.xcassets in Resources */,
				BBF3410524A8434D0067AAA3 /* WorkSans-Thin.ttf in Resources */,
				BBF340FE24A8434D0067AAA3 /* WorkSans-Regular.ttf in Resources */,
				BBF3410224A8434D0067AAA3 /* WorkSans-Medium.ttf in Resources */,
				BBF3410324A8434D0067AAA3 /* WorkSans-SemiBold.ttf in Resources */,
				BBF3410724A8434D0067AAA3 /* WorkSans-Bold.ttf in Resources */,
				BBF3410024A8434D0067AAA3 /* WorkSans-ExtraBold.ttf in Resources */,
				BBF340FF24A8434D0067AAA3 /* WorkSans-Light.ttf in Resources */,
			);
			runOnlyForDeploymentPostprocessing = 0;
		};
/* End PBXResourcesBuildPhase section */

/* Begin PBXSourcesBuildPhase section */
		BB7FC73224A49FAF008FD8F8 /* Sources */ = {
			isa = PBXSourcesBuildPhase;
			buildActionMask = 2147483647;
			files = (
				BB57D72624A770FA00C3DBA1 /* QCUpdateDetailView.swift in Sources */,
				BBF3410F24AA58E40067AAA3 /* QCPostList.swift in Sources */,
				BB57D72224A7371C00C3DBA1 /* QCHomeDetailView.swift in Sources */,
				BBF340F224A83C8D0067AAA3 /* QCModifiers.swift in Sources */,
				BB7FC73A24A49FAF008FD8F8 /* AppDelegate.swift in Sources */,
				BB57D72424A7546A00C3DBA1 /* QCUpdatesListView.swift in Sources */,
				BB7FC73C24A49FAF008FD8F8 /* SceneDelegate.swift in Sources */,
				BBD9210B24AB66F700539CC9 /* QCDataStore.swift in Sources */,
				BBF3410924A87AB50067AAA3 /* QCCourseListView.swift in Sources */,
				BB7FC73E24A49FAF008FD8F8 /* QCContentView.swift in Sources */,
				BBD9211024AB72A900539CC9 /* QCCourseStore.swift in Sources */,
				BB57D72824A778EE00C3DBA1 /* QCUpdateStore.swift in Sources */,
				BB57D72C24A7B16F00C3DBA1 /* QCRingView.swift in Sources */,
				BB66A17A24A61792004F82D4 /* QCMenuView.swift in Sources */,
				BBF3410B24AA186A0067AAA3 /* QCCourseDetail.swift in Sources */,
				BB57D72A24A7963A00C3DBA1 /* QCTabBarView.swift in Sources */,
				BBF3410D24AA35F00067AAA3 /* QCData.swift in Sources */,
				BB57D72024A717CD00C3DBA1 /* QCHomeView.swift in Sources */,
			);
			runOnlyForDeploymentPostprocessing = 0;
		};
/* End PBXSourcesBuildPhase section */

/* Begin PBXVariantGroup section */
		BB7FC74424A49FBB008FD8F8 /* LaunchScreen.storyboard */ = {
			isa = PBXVariantGroup;
			children = (
				BB7FC74524A49FBB008FD8F8 /* Base */,
			);
			name = LaunchScreen.storyboard;
			sourceTree = "<group>";
		};
/* End PBXVariantGroup section */

/* Begin XCBuildConfiguration section */
		BB7FC74824A49FBB008FD8F8 /* Debug */ = {
			isa = XCBuildConfiguration;
			buildSettings = {
				ALWAYS_SEARCH_USER_PATHS = NO;
				CLANG_ANALYZER_NONNULL = YES;
				CLANG_ANALYZER_NUMBER_OBJECT_CONVERSION = YES_AGGRESSIVE;
				CLANG_CXX_LANGUAGE_STANDARD = "gnu++14";
				CLANG_CXX_LIBRARY = "libc++";
				CLANG_ENABLE_MODULES = YES;
				CLANG_ENABLE_OBJC_ARC = YES;
				CLANG_ENABLE_OBJC_WEAK = YES;
				CLANG_WARN_BLOCK_CAPTURE_AUTORELEASING = YES;
				CLANG_WARN_BOOL_CONVERSION = YES;
				CLANG_WARN_COMMA = YES;
				CLANG_WARN_CONSTANT_CONVERSION = YES;
				CLANG_WARN_DEPRECATED_OBJC_IMPLEMENTATIONS = YES;
				CLANG_WARN_DIRECT_OBJC_ISA_USAGE = YES_ERROR;
				CLANG_WARN_DOCUMENTATION_COMMENTS = YES;
				CLANG_WARN_EMPTY_BODY = YES;
				CLANG_WARN_ENUM_CONVERSION = YES;
				CLANG_WARN_INFINITE_RECURSION = YES;
				CLANG_WARN_INT_CONVERSION = YES;
				CLANG_WARN_NON_LITERAL_NULL_CONVERSION = YES;
				CLANG_WARN_OBJC_IMPLICIT_RETAIN_SELF = YES;
				CLANG_WARN_OBJC_LITERAL_CONVERSION = YES;
				CLANG_WARN_OBJC_ROOT_CLASS = YES_ERROR;
				CLANG_WARN_RANGE_LOOP_ANALYSIS = YES;
				CLANG_WARN_STRICT_PROTOTYPES = YES;
				CLANG_WARN_SUSPICIOUS_MOVE = YES;
				CLANG_WARN_UNGUARDED_AVAILABILITY = YES_AGGRESSIVE;
				CLANG_WARN_UNREACHABLE_CODE = YES;
				CLANG_WARN__DUPLICATE_METHOD_MATCH = YES;
				COPY_PHASE_STRIP = NO;
				DEBUG_INFORMATION_FORMAT = dwarf;
				ENABLE_STRICT_OBJC_MSGSEND = YES;
				ENABLE_TESTABILITY = YES;
				GCC_C_LANGUAGE_STANDARD = gnu11;
				GCC_DYNAMIC_NO_PIC = NO;
				GCC_NO_COMMON_BLOCKS = YES;
				GCC_OPTIMIZATION_LEVEL = 0;
				GCC_PREPROCESSOR_DEFINITIONS = (
					"DEBUG=1",
					"$(inherited)",
				);
				GCC_WARN_64_TO_32_BIT_CONVERSION = YES;
				GCC_WARN_ABOUT_RETURN_TYPE = YES_ERROR;
				GCC_WARN_UNDECLARED_SELECTOR = YES;
				GCC_WARN_UNINITIALIZED_AUTOS = YES_AGGRESSIVE;
				GCC_WARN_UNUSED_FUNCTION = YES;
				GCC_WARN_UNUSED_VARIABLE = YES;
				IPHONEOS_DEPLOYMENT_TARGET = 13.5;
				MTL_ENABLE_DEBUG_INFO = INCLUDE_SOURCE;
				MTL_FAST_MATH = YES;
				ONLY_ACTIVE_ARCH = YES;
				SDKROOT = iphoneos;
				SWIFT_ACTIVE_COMPILATION_CONDITIONS = DEBUG;
				SWIFT_OPTIMIZATION_LEVEL = "-Onone";
			};
			name = Debug;
		};
		BB7FC74924A49FBB008FD8F8 /* Release */ = {
			isa = XCBuildConfiguration;
			buildSettings = {
				ALWAYS_SEARCH_USER_PATHS = NO;
				CLANG_ANALYZER_NONNULL = YES;
				CLANG_ANALYZER_NUMBER_OBJECT_CONVERSION = YES_AGGRESSIVE;
				CLANG_CXX_LANGUAGE_STANDARD = "gnu++14";
				CLANG_CXX_LIBRARY = "libc++";
				CLANG_ENABLE_MODULES = YES;
				CLANG_ENABLE_OBJC_ARC = YES;
				CLANG_ENABLE_OBJC_WEAK = YES;
				CLANG_WARN_BLOCK_CAPTURE_AUTORELEASING = YES;
				CLANG_WARN_BOOL_CONVERSION = YES;
				CLANG_WARN_COMMA = YES;
				CLANG_WARN_CONSTANT_CONVERSION = YES;
				CLANG_WARN_DEPRECATED_OBJC_IMPLEMENTATIONS = YES;
				CLANG_WARN_DIRECT_OBJC_ISA_USAGE = YES_ERROR;
				CLANG_WARN_DOCUMENTATION_COMMENTS = YES;
				CLANG_WARN_EMPTY_BODY = YES;
				CLANG_WARN_ENUM_CONVERSION = YES;
				CLANG_WARN_INFINITE_RECURSION = YES;
				CLANG_WARN_INT_CONVERSION = YES;
				CLANG_WARN_NON_LITERAL_NULL_CONVERSION = YES;
				CLANG_WARN_OBJC_IMPLICIT_RETAIN_SELF = YES;
				CLANG_WARN_OBJC_LITERAL_CONVERSION = YES;
				CLANG_WARN_OBJC_ROOT_CLASS = YES_ERROR;
				CLANG_WARN_RANGE_LOOP_ANALYSIS = YES;
				CLANG_WARN_STRICT_PROTOTYPES = YES;
				CLANG_WARN_SUSPICIOUS_MOVE = YES;
				CLANG_WARN_UNGUARDED_AVAILABILITY = YES_AGGRESSIVE;
				CLANG_WARN_UNREACHABLE_CODE = YES;
				CLANG_WARN__DUPLICATE_METHOD_MATCH = YES;
				COPY_PHASE_STRIP = NO;
				DEBUG_INFORMATION_FORMAT = "dwarf-with-dsym";
				ENABLE_NS_ASSERTIONS = NO;
				ENABLE_STRICT_OBJC_MSGSEND = YES;
				GCC_C_LANGUAGE_STANDARD = gnu11;
				GCC_NO_COMMON_BLOCKS = YES;
				GCC_WARN_64_TO_32_BIT_CONVERSION = YES;
				GCC_WARN_ABOUT_RETURN_TYPE = YES_ERROR;
				GCC_WARN_UNDECLARED_SELECTOR = YES;
				GCC_WARN_UNINITIALIZED_AUTOS = YES_AGGRESSIVE;
				GCC_WARN_UNUSED_FUNCTION = YES;
				GCC_WARN_UNUSED_VARIABLE = YES;
				IPHONEOS_DEPLOYMENT_TARGET = 13.5;
				MTL_ENABLE_DEBUG_INFO = NO;
				MTL_FAST_MATH = YES;
				SDKROOT = iphoneos;
				SWIFT_COMPILATION_MODE = wholemodule;
				SWIFT_OPTIMIZATION_LEVEL = "-O";
				VALIDATE_PRODUCT = YES;
			};
			name = Release;
		};
		BB7FC74B24A49FBB008FD8F8 /* Debug */ = {
			isa = XCBuildConfiguration;
			buildSettings = {
				ASSETCATALOG_COMPILER_APPICON_NAME = AppIcon;
				CODE_SIGN_STYLE = Automatic;
				DEVELOPMENT_ASSET_PATHS = "DesignCode/Preview\\ Content DesignCode/Preview\\ Content/Preview\\ Assets.xcassets";
				DEVELOPMENT_TEAM = 9DPNLN6Q8H;
				ENABLE_PREVIEWS = YES;
				INFOPLIST_FILE = DesignCode/Info.plist;
				LD_RUNPATH_SEARCH_PATHS = (
					"$(inherited)",
					"@executable_path/Frameworks",
				);
				PRODUCT_BUNDLE_IDENTIFIER = com.qiucen.DesignCode;
				PRODUCT_NAME = "$(TARGET_NAME)";
				SWIFT_VERSION = 5.0;
				TARGETED_DEVICE_FAMILY = "1,2";
			};
			name = Debug;
		};
		BB7FC74C24A49FBB008FD8F8 /* Release */ = {
			isa = XCBuildConfiguration;
			buildSettings = {
				ASSETCATALOG_COMPILER_APPICON_NAME = AppIcon;
				CODE_SIGN_STYLE = Automatic;
				DEVELOPMENT_ASSET_PATHS = "DesignCode/Preview\\ Content DesignCode/Preview\\ Content/Preview\\ Assets.xcassets";
				DEVELOPMENT_TEAM = 9DPNLN6Q8H;
				ENABLE_PREVIEWS = YES;
				INFOPLIST_FILE = DesignCode/Info.plist;
				LD_RUNPATH_SEARCH_PATHS = (
					"$(inherited)",
					"@executable_path/Frameworks",
				);
				PRODUCT_BUNDLE_IDENTIFIER = com.qiucen.DesignCode;
				PRODUCT_NAME = "$(TARGET_NAME)";
				SWIFT_VERSION = 5.0;
				TARGETED_DEVICE_FAMILY = "1,2";
			};
			name = Release;
		};
/* End XCBuildConfiguration section */

/* Begin XCConfigurationList section */
		BB7FC73124A49FAF008FD8F8 /* Build configuration list for PBXProject "DesignCode" */ = {
			isa = XCConfigurationList;
			buildConfigurations = (
				BB7FC74824A49FBB008FD8F8 /* Debug */,
				BB7FC74924A49FBB008FD8F8 /* Release */,
			);
			defaultConfigurationIsVisible = 0;
			defaultConfigurationName = Release;
		};
		BB7FC74A24A49FBB008FD8F8 /* Build configuration list for PBXNativeTarget "DesignCode" */ = {
			isa = XCConfigurationList;
			buildConfigurations = (
				BB7FC74B24A49FBB008FD8F8 /* Debug */,
				BB7FC74C24A49FBB008FD8F8 /* Release */,
			);
			defaultConfigurationIsVisible = 0;
			defaultConfigurationName = Release;
		};
/* End XCConfigurationList section */

/* Begin XCRemoteSwiftPackageReference section */
		BB99F48724AC2CB40077D7FC /* XCRemoteSwiftPackageReference "contentful.swift" */ = {
			isa = XCRemoteSwiftPackageReference;
			repositoryURL = "https://github.com/contentful/contentful.swift.git";
			requirement = {
				kind = upToNextMajorVersion;
				minimumVersion = 5.1.0;
			};
		};
		BB99F48A24AC2EC90077D7FC /* XCRemoteSwiftPackageReference "SDWebImageSwiftUI" */ = {
			isa = XCRemoteSwiftPackageReference;
			repositoryURL = "https://github.com/SDWebImage/SDWebImageSwiftUI.git";
			requirement = {
				kind = upToNextMajorVersion;
				minimumVersion = 1.5.0;
			};
		};
/* End XCRemoteSwiftPackageReference section */

/* Begin XCSwiftPackageProductDependency section */
		BB99F48824AC2CB40077D7FC /* Contentful */ = {
			isa = XCSwiftPackageProductDependency;
			package = BB99F48724AC2CB40077D7FC /* XCRemoteSwiftPackageReference "contentful.swift" */;
			productName = Contentful;
		};
		BB99F48B24AC2EC90077D7FC /* SDWebImageSwiftUI */ = {
			isa = XCSwiftPackageProductDependency;
			package = BB99F48A24AC2EC90077D7FC /* XCRemoteSwiftPackageReference "SDWebImageSwiftUI" */;
			productName = SDWebImageSwiftUI;
		};
/* End XCSwiftPackageProductDependency section */
	};
	rootObject = BB7FC72E24A49FAF008FD8F8 /* Project object */;
}
