// !$*UTF8*$!
{
	archiveVersion = 1;
	classes = {
	};
	objectVersion = 51;
	objects = {

/* Begin PBXBuildFile section */
		BB2D94BC24ADD15E00487227 /* QCButtons.swift in Sources */ = {isa = PBXBuildFile; fileRef = BB2D94BB24ADD15E00487227 /* QCButtons.swift */; };
		BB57D72024A717CD00C3DBA1 /* QCHomeView.swift in Sources */ = {isa = PBXBuildFile; fileRef = BB57D71F24A717CD00C3DBA1 /* QCHomeView.swift */; };
		BB57D72224A7371C00C3DBA1 /* QCHomeDetailView.swift in Sources */ = {isa = PBXBuildFile; fileRef = BB57D72124A7371C00C3DBA1 /* QCHomeDetailView.swift */; };
		BB57D72424A7546A00C3DBA1 /* QCUpdatesListView.swift in Sources */ = {isa = PBXBuildFile; fileRef = BB57D72324A7546A00C3DBA1 /* QCUpdatesListView.swift */; };
		BB57D72624A770FA00C3DBA1 /* QCUpdateDetailView.swift in Sources */ = {isa = PBXBuildFile; fileRef = BB57D72524A770FA00C3DBA1 /* QCUpdateDetailView.swift */; };
		BB57D72824A778EE00C3DBA1 /* QCUpdateStore.swift in Sources */ = {isa = PBXBuildFile; fileRef = BB57D72724A778EE00C3DBA1 /* QCUpdateStore.swift */; };
		BB57D72A24A7963A00C3DBA1 /* QCTabBarView.swift in Sources */ = {isa = PBXBuildFile; fileRef = BB57D72924A7963A00C3DBA1 /* QCTabBarView.swift */; };
		BB57D72C24A7B16F00C3DBA1 /* QCRingView.swift in Sources */ = {isa = PBXBuildFile; fileRef = BB57D72B24A7B16F00C3DBA1 /* QCRingView.swift */; };
		BB66A17A24A61792004F82D4 /* QCMenuView.swift in Sources */ = {isa = PBXBuildFile; fileRef = BB66A17924A61792004F82D4 /* QCMenuView.swift */; };
		BB693B1F24B0AEF0009F079B /* loading.json in Resources */ = {isa = PBXBuildFile; fileRef = BB693B1D24B0AEF0009F079B /* loading.json */; };
		BB693B2024B0AEF0009F079B /* success.json in Resources */ = {isa = PBXBuildFile; fileRef = BB693B1E24B0AEF0009F079B /* success.json */; };
		BB693B2524B0B24D009F079B /* QCLottieView.swift in Sources */ = {isa = PBXBuildFile; fileRef = BB693B2424B0B24D009F079B /* QCLottieView.swift */; };
		BB693B2724B0B65E009F079B /* QCLoadingView.swift in Sources */ = {isa = PBXBuildFile; fileRef = BB693B2624B0B65E009F079B /* QCLoadingView.swift */; };
		BB693B2924B0C6AC009F079B /* QCSuccessView.swift in Sources */ = {isa = PBXBuildFile; fileRef = BB693B2824B0C6AC009F079B /* QCSuccessView.swift */; };
		BB693B2B24B0DEDA009F079B /* GoogleService-Info.plist in Resources */ = {isa = PBXBuildFile; fileRef = BB693B2A24B0DEDA009F079B /* GoogleService-Info.plist */; };
		BB693B2C24B0FA54009F079B /* Pods_DesignCode.framework in Frameworks */ = {isa = PBXBuildFile; fileRef = 11194690854AD27A296CEF0A /* Pods_DesignCode.framework */; };
		BB7FC73A24A49FAF008FD8F8 /* AppDelegate.swift in Sources */ = {isa = PBXBuildFile; fileRef = BB7FC73924A49FAF008FD8F8 /* AppDelegate.swift */; };
		BB7FC73C24A49FAF008FD8F8 /* SceneDelegate.swift in Sources */ = {isa = PBXBuildFile; fileRef = BB7FC73B24A49FAF008FD8F8 /* SceneDelegate.swift */; };
		BB7FC73E24A49FAF008FD8F8 /* QCContentView.swift in Sources */ = {isa = PBXBuildFile; fileRef = BB7FC73D24A49FAF008FD8F8 /* QCContentView.swift */; };
		BB7FC74324A49FBB008FD8F8 /* Preview Assets.xcassets in Resources */ = {isa = PBXBuildFile; fileRef = BB7FC74224A49FBB008FD8F8 /* Preview Assets.xcassets */; };
		BB7FC74624A49FBB008FD8F8 /* LaunchScreen.storyboard in Resources */ = {isa = PBXBuildFile; fileRef = BB7FC74424A49FBB008FD8F8 /* LaunchScreen.storyboard */; };
		BB7FC74E24A4A0BD008FD8F8 /* Assets.xcassets in Resources */ = {isa = PBXBuildFile; fileRef = BB7FC74D24A4A0BD008FD8F8 /* Assets.xcassets */; };
		BB99F48E24AC40010077D7FC /* QCBlurView.swift in Sources */ = {isa = PBXBuildFile; fileRef = BB99F48D24AC40010077D7FC /* QCBlurView.swift */; };
		BBD24A1A24B048A2001B68E2 /* QCLoginView.swift in Sources */ = {isa = PBXBuildFile; fileRef = BBD24A1924B048A2001B68E2 /* QCLoginView.swift */; };
		BBD9210B24AB66F700539CC9 /* QCDataStore.swift in Sources */ = {isa = PBXBuildFile; fileRef = BBD9210A24AB66F700539CC9 /* QCDataStore.swift */; };
		BBD9211024AB72A900539CC9 /* QCCourseStore.swift in Sources */ = {isa = PBXBuildFile; fileRef = BBD9210F24AB72A900539CC9 /* QCCourseStore.swift */; };
		BBE59F2E24B1893900F5D3DD /* QCUserStore.swift in Sources */ = {isa = PBXBuildFile; fileRef = BBE59F2D24B1893900F5D3DD /* QCUserStore.swift */; };
		BBF340F224A83C8D0067AAA3 /* QCModifiers.swift in Sources */ = {isa = PBXBuildFile; fileRef = BBF340F124A83C8D0067AAA3 /* QCModifiers.swift */; };
		BBF340FE24A8434D0067AAA3 /* WorkSans-Regular.ttf in Resources */ = {isa = PBXBuildFile; fileRef = BBF340F424A8434D0067AAA3 /* WorkSans-Regular.ttf */; };
		BBF340FF24A8434D0067AAA3 /* WorkSans-Light.ttf in Resources */ = {isa = PBXBuildFile; fileRef = BBF340F524A8434D0067AAA3 /* WorkSans-Light.ttf */; };
		BBF3410024A8434D0067AAA3 /* WorkSans-ExtraBold.ttf in Resources */ = {isa = PBXBuildFile; fileRef = BBF340F624A8434D0067AAA3 /* WorkSans-ExtraBold.ttf */; };
		BBF3410124A8434D0067AAA3 /* WorkSans-ExtraLight.ttf in Resources */ = {isa = PBXBuildFile; fileRef = BBF340F724A8434D0067AAA3 /* WorkSans-ExtraLight.ttf */; };
		BBF3410224A8434D0067AAA3 /* WorkSans-Medium.ttf in Resources */ = {isa = PBXBuildFile; fileRef = BBF340F824A8434D0067AAA3 /* WorkSans-Medium.ttf */; };
		BBF3410324A8434D0067AAA3 /* WorkSans-SemiBold.ttf in Resources */ = {isa = PBXBuildFile; fileRef = BBF340F924A8434D0067AAA3 /* WorkSans-SemiBold.ttf */; };
		BBF3410424A8434D0067AAA3 /* OFL.txt in Resources */ = {isa = PBXBuildFile; fileRef = BBF340FA24A8434D0067AAA3 /* OFL.txt */; };
		BBF3410524A8434D0067AAA3 /* WorkSans-Thin.ttf in Resources */ = {isa = PBXBuildFile; fileRef = BBF340FB24A8434D0067AAA3 /* WorkSans-Thin.ttf */; };
		BBF3410624A8434D0067AAA3 /* WorkSans-Black.ttf in Resources */ = {isa = PBXBuildFile; fileRef = BBF340FC24A8434D0067AAA3 /* WorkSans-Black.ttf */; };
		BBF3410724A8434D0067AAA3 /* WorkSans-Bold.ttf in Resources */ = {isa = PBXBuildFile; fileRef = BBF340FD24A8434D0067AAA3 /* WorkSans-Bold.ttf */; };
		BBF3410924A87AB50067AAA3 /* QCCourseListView.swift in Sources */ = {isa = PBXBuildFile; fileRef = BBF3410824A87AB50067AAA3 /* QCCourseListView.swift */; };
		BBF3410B24AA186A0067AAA3 /* QCCourseDetail.swift in Sources */ = {isa = PBXBuildFile; fileRef = BBF3410A24AA186A0067AAA3 /* QCCourseDetail.swift */; };
		BBF3410D24AA35F00067AAA3 /* QCData.swift in Sources */ = {isa = PBXBuildFile; fileRef = BBF3410C24AA35F00067AAA3 /* QCData.swift */; };
		BBF3410F24AA58E40067AAA3 /* QCPostList.swift in Sources */ = {isa = PBXBuildFile; fileRef = BBF3410E24AA58E40067AAA3 /* QCPostList.swift */; };
/* End PBXBuildFile section */

/* Begin PBXFileReference section */
		060396F5C35303A15FEDED61 /* Pods-DesignCode.debug.xcconfig */ = {isa = PBXFileReference; includeInIndex = 1; lastKnownFileType = text.xcconfig; name = "Pods-DesignCode.debug.xcconfig"; path = "Target Support Files/Pods-DesignCode/Pods-DesignCode.debug.xcconfig"; sourceTree = "<group>"; };
		11194690854AD27A296CEF0A /* Pods_DesignCode.framework */ = {isa = PBXFileReference; explicitFileType = wrapper.framework; includeInIndex = 0; path = Pods_DesignCode.framework; sourceTree = BUILT_PRODUCTS_DIR; };
		A3DC9C0168992AED7338FF93 /* Pods-DesignCode.release.xcconfig */ = {isa = PBXFileReference; includeInIndex = 1; lastKnownFileType = text.xcconfig; name = "Pods-DesignCode.release.xcconfig"; path = "Target Support Files/Pods-DesignCode/Pods-DesignCode.release.xcconfig"; sourceTree = "<group>"; };
		BB2D94BB24ADD15E00487227 /* QCButtons.swift */ = {isa = PBXFileReference; lastKnownFileType = sourcecode.swift; path = QCButtons.swift; sourceTree = "<group>"; };
		BB57D71F24A717CD00C3DBA1 /* QCHomeView.swift */ = {isa = PBXFileReference; lastKnownFileType = sourcecode.swift; path = QCHomeView.swift; sourceTree = "<group>"; };
		BB57D72124A7371C00C3DBA1 /* QCHomeDetailView.swift */ = {isa = PBXFileReference; lastKnownFileType = sourcecode.swift; path = QCHomeDetailView.swift; sourceTree = "<group>"; };
		BB57D72324A7546A00C3DBA1 /* QCUpdatesListView.swift */ = {isa = PBXFileReference; lastKnownFileType = sourcecode.swift; path = QCUpdatesListView.swift; sourceTree = "<group>"; };
		BB57D72524A770FA00C3DBA1 /* QCUpdateDetailView.swift */ = {isa = PBXFileReference; lastKnownFileType = sourcecode.swift; path = QCUpdateDetailView.swift; sourceTree = "<group>"; };
		BB57D72724A778EE00C3DBA1 /* QCUpdateStore.swift */ = {isa = PBXFileReference; lastKnownFileType = sourcecode.swift; path = QCUpdateStore.swift; sourceTree = "<group>"; };
		BB57D72924A7963A00C3DBA1 /* QCTabBarView.swift */ = {isa = PBXFileReference; lastKnownFileType = sourcecode.swift; path = QCTabBarView.swift; sourceTree = "<group>"; };
		BB57D72B24A7B16F00C3DBA1 /* QCRingView.swift */ = {isa = PBXFileReference; lastKnownFileType = sourcecode.swift; path = QCRingView.swift; sourceTree = "<group>"; };
		BB66A17924A61792004F82D4 /* QCMenuView.swift */ = {isa = PBXFileReference; lastKnownFileType = sourcecode.swift; path = QCMenuView.swift; sourceTree = "<group>"; };
		BB693B1D24B0AEF0009F079B /* loading.json */ = {isa = PBXFileReference; fileEncoding = 4; lastKnownFileType = text.json; path = loading.json; sourceTree = "<group>"; };
		BB693B1E24B0AEF0009F079B /* success.json */ = {isa = PBXFileReference; fileEncoding = 4; lastKnownFileType = text.json; path = success.json; sourceTree = "<group>"; };
		BB693B2424B0B24D009F079B /* QCLottieView.swift */ = {isa = PBXFileReference; lastKnownFileType = sourcecode.swift; path = QCLottieView.swift; sourceTree = "<group>"; };
		BB693B2624B0B65E009F079B /* QCLoadingView.swift */ = {isa = PBXFileReference; lastKnownFileType = sourcecode.swift; path = QCLoadingView.swift; sourceTree = "<group>"; };
		BB693B2824B0C6AC009F079B /* QCSuccessView.swift */ = {isa = PBXFileReference; lastKnownFileType = sourcecode.swift; path = QCSuccessView.swift; sourceTree = "<group>"; };
		BB693B2A24B0DEDA009F079B /* GoogleService-Info.plist */ = {isa = PBXFileReference; fileEncoding = 4; lastKnownFileType = text.plist.xml; path = "GoogleService-Info.plist"; sourceTree = "<group>"; };
		BB7FC73624A49FAF008FD8F8 /* DesignCode.app */ = {isa = PBXFileReference; explicitFileType = wrapper.application; includeInIndex = 0; path = DesignCode.app; sourceTree = BUILT_PRODUCTS_DIR; };
		BB7FC73924A49FAF008FD8F8 /* AppDelegate.swift */ = {isa = PBXFileReference; lastKnownFileType = sourcecode.swift; path = AppDelegate.swift; sourceTree = "<group>"; };
		BB7FC73B24A49FAF008FD8F8 /* SceneDelegate.swift */ = {isa = PBXFileReference; lastKnownFileType = sourcecode.swift; path = SceneDelegate.swift; sourceTree = "<group>"; };
		BB7FC73D24A49FAF008FD8F8 /* QCContentView.swift */ = {isa = PBXFileReference; lastKnownFileType = sourcecode.swift; path = QCContentView.swift; sourceTree = "<group>"; };
		BB7FC74224A49FBB008FD8F8 /* Preview Assets.xcassets */ = {isa = PBXFileReference; lastKnownFileType = folder.assetcatalog; path = "Preview Assets.xcassets"; sourceTree = "<group>"; };
		BB7FC74524A49FBB008FD8F8 /* Base */ = {isa = PBXFileReference; lastKnownFileType = file.storyboard; name = Base; path = Base.lproj/LaunchScreen.storyboard; sourceTree = "<group>"; };
		BB7FC74724A49FBB008FD8F8 /* Info.plist */ = {isa = PBXFileReference; lastKnownFileType = text.plist.xml; path = Info.plist; sourceTree = "<group>"; };
		BB7FC74D24A4A0BD008FD8F8 /* Assets.xcassets */ = {isa = PBXFileReference; lastKnownFileType = folder.assetcatalog; path = Assets.xcassets; sourceTree = "<group>"; };
		BB99F48D24AC40010077D7FC /* QCBlurView.swift */ = {isa = PBXFileReference; lastKnownFileType = sourcecode.swift; path = QCBlurView.swift; sourceTree = "<group>"; };
		BBD24A1924B048A2001B68E2 /* QCLoginView.swift */ = {isa = PBXFileReference; lastKnownFileType = sourcecode.swift; path = QCLoginView.swift; sourceTree = "<group>"; };
		BBD9210A24AB66F700539CC9 /* QCDataStore.swift */ = {isa = PBXFileReference; lastKnownFileType = sourcecode.swift; path = QCDataStore.swift; sourceTree = "<group>"; };
		BBD9210F24AB72A900539CC9 /* QCCourseStore.swift */ = {isa = PBXFileReference; lastKnownFileType = sourcecode.swift; path = QCCourseStore.swift; sourceTree = "<group>"; };
		BBE59F2D24B1893900F5D3DD /* QCUserStore.swift */ = {isa = PBXFileReference; lastKnownFileType = sourcecode.swift; path = QCUserStore.swift; sourceTree = "<group>"; };
		BBF340F124A83C8D0067AAA3 /* QCModifiers.swift */ = {isa = PBXFileReference; lastKnownFileType = sourcecode.swift; path = QCModifiers.swift; sourceTree = "<group>"; };
		BBF340F424A8434D0067AAA3 /* WorkSans-Regular.ttf */ = {isa = PBXFileReference; lastKnownFileType = file; path = "WorkSans-Regular.ttf"; sourceTree = "<group>"; };
		BBF340F524A8434D0067AAA3 /* WorkSans-Light.ttf */ = {isa = PBXFileReference; lastKnownFileType = file; path = "WorkSans-Light.ttf"; sourceTree = "<group>"; };
		BBF340F624A8434D0067AAA3 /* WorkSans-ExtraBold.ttf */ = {isa = PBXFileReference; lastKnownFileType = file; path = "WorkSans-ExtraBold.ttf"; sourceTree = "<group>"; };
		BBF340F724A8434D0067AAA3 /* WorkSans-ExtraLight.ttf */ = {isa = PBXFileReference; lastKnownFileType = file; path = "WorkSans-ExtraLight.ttf"; sourceTree = "<group>"; };
		BBF340F824A8434D0067AAA3 /* WorkSans-Medium.ttf */ = {isa = PBXFileReference; lastKnownFileType = file; path = "WorkSans-Medium.ttf"; sourceTree = "<group>"; };
		BBF340F924A8434D0067AAA3 /* WorkSans-SemiBold.ttf */ = {isa = PBXFileReference; lastKnownFileType = file; path = "WorkSans-SemiBold.ttf"; sourceTree = "<group>"; };
		BBF340FA24A8434D0067AAA3 /* OFL.txt */ = {isa = PBXFileReference; fileEncoding = 4; lastKnownFileType = text; path = OFL.txt; sourceTree = "<group>"; };
		BBF340FB24A8434D0067AAA3 /* WorkSans-Thin.ttf */ = {isa = PBXFileReference; lastKnownFileType = file; path = "WorkSans-Thin.ttf"; sourceTree = "<group>"; };
		BBF340FC24A8434D0067AAA3 /* WorkSans-Black.ttf */ = {isa = PBXFileReference; lastKnownFileType = file; path = "WorkSans-Black.ttf"; sourceTree = "<group>"; };
		BBF340FD24A8434D0067AAA3 /* WorkSans-Bold.ttf */ = {isa = PBXFileReference; lastKnownFileType = file; path = "WorkSans-Bold.ttf"; sourceTree = "<group>"; };
		BBF3410824A87AB50067AAA3 /* QCCourseListView.swift */ = {isa = PBXFileReference; lastKnownFileType = sourcecode.swift; path = QCCourseListView.swift; sourceTree = "<group>"; };
		BBF3410A24AA186A0067AAA3 /* QCCourseDetail.swift */ = {isa = PBXFileReference; lastKnownFileType = sourcecode.swift; path = QCCourseDetail.swift; sourceTree = "<group>"; };
		BBF3410C24AA35F00067AAA3 /* QCData.swift */ = {isa = PBXFileReference; lastKnownFileType = sourcecode.swift; path = QCData.swift; sourceTree = "<group>"; };
		BBF3410E24AA58E40067AAA3 /* QCPostList.swift */ = {isa = PBXFileReference; lastKnownFileType = sourcecode.swift; path = QCPostList.swift; sourceTree = "<group>"; };
/* End PBXFileReference section */

/* Begin PBXFrameworksBuildPhase section */
		BB7FC73324A49FAF008FD8F8 /* Frameworks */ = {
			isa = PBXFrameworksBuildPhase;
			buildActionMask = 2147483647;
			files = (
				BB693B2C24B0FA54009F079B /* Pods_DesignCode.framework in Frameworks */,
			);
			runOnlyForDeploymentPostprocessing = 0;
		};
/* End PBXFrameworksBuildPhase section */

/* Begin PBXGroup section */
		4B55B9250461C16709EC669A /* Pods */ = {
			isa = PBXGroup;
			children = (
				060396F5C35303A15FEDED61 /* Pods-DesignCode.debug.xcconfig */,
				A3DC9C0168992AED7338FF93 /* Pods-DesignCode.release.xcconfig */,
			);
			path = Pods;
			sourceTree = "<group>";
		};
		BB693B1C24B0AEF0009F079B /* Lottie */ = {
			isa = PBXGroup;
			children = (
				BB693B1D24B0AEF0009F079B /* loading.json */,
				BB693B1E24B0AEF0009F079B /* success.json */,
			);
			path = Lottie;
			sourceTree = "<group>";
		};
		BB7FC72D24A49FAF008FD8F8 = {
			isa = PBXGroup;
			children = (
				BB7FC73824A49FAF008FD8F8 /* DesignCode */,
				BB7FC73724A49FAF008FD8F8 /* Products */,
				4B55B9250461C16709EC669A /* Pods */,
				EC4E8DED14CCE58FC9C2B5F1 /* Frameworks */,
			);
			sourceTree = "<group>";
		};
		BB7FC73724A49FAF008FD8F8 /* Products */ = {
			isa = PBXGroup;
			children = (
				BB7FC73624A49FAF008FD8F8 /* DesignCode.app */,
			);
			name = Products;
			sourceTree = "<group>";
		};
		BB7FC73824A49FAF008FD8F8 /* DesignCode */ = {
			isa = PBXGroup;
			children = (
				BB7FC73924A49FAF008FD8F8 /* AppDelegate.swift */,
				BB7FC73B24A49FAF008FD8F8 /* SceneDelegate.swift */,
				BB7FC73D24A49FAF008FD8F8 /* QCContentView.swift */,
				BB57D72B24A7B16F00C3DBA1 /* QCRingView.swift */,
				BB57D71F24A717CD00C3DBA1 /* QCHomeView.swift */,
				BB57D72124A7371C00C3DBA1 /* QCHomeDetailView.swift */,
				BBD24A1924B048A2001B68E2 /* QCLoginView.swift */,
				BBE59F2D24B1893900F5D3DD /* QCUserStore.swift */,
				BBF3410824A87AB50067AAA3 /* QCCourseListView.swift */,
				BBF3410A24AA186A0067AAA3 /* QCCourseDetail.swift */,
				BBD9210F24AB72A900539CC9 /* QCCourseStore.swift */,
				BB66A17924A61792004F82D4 /* QCMenuView.swift */,
				BB57D72324A7546A00C3DBA1 /* QCUpdatesListView.swift */,
				BB57D72524A770FA00C3DBA1 /* QCUpdateDetailView.swift */,
				BB57D72724A778EE00C3DBA1 /* QCUpdateStore.swift */,
				BBF3410C24AA35F00067AAA3 /* QCData.swift */,
				BBD9210A24AB66F700539CC9 /* QCDataStore.swift */,
				BBF3410E24AA58E40067AAA3 /* QCPostList.swift */,
				BB57D72924A7963A00C3DBA1 /* QCTabBarView.swift */,
				BBF340F124A83C8D0067AAA3 /* QCModifiers.swift */,
				BB99F48D24AC40010077D7FC /* QCBlurView.swift */,
				BB693B2424B0B24D009F079B /* QCLottieView.swift */,
				BB693B2624B0B65E009F079B /* QCLoadingView.swift */,
				BB693B2824B0C6AC009F079B /* QCSuccessView.swift */,
				BB2D94BB24ADD15E00487227 /* QCButtons.swift */,
				BB7FC74424A49FBB008FD8F8 /* LaunchScreen.storyboard */,
				BB7FC74724A49FBB008FD8F8 /* Info.plist */,
				BB693B2A24B0DEDA009F079B /* GoogleService-Info.plist */,
				BB7FC74D24A4A0BD008FD8F8 /* Assets.xcassets */,
				BBF340F324A8434D0067AAA3 /* Work_Sans */,
				BB693B1C24B0AEF0009F079B /* Lottie */,
				BB7FC74124A49FBB008FD8F8 /* Preview Content */,
			);
			path = DesignCode;
			sourceTree = "<group>";
		};
		BB7FC74124A49FBB008FD8F8 /* Preview Content */ = {
			isa = PBXGroup;
			children = (
				BB7FC74224A49FBB008FD8F8 /* Preview Assets.xcassets */,
			);
			path = "Preview Content";
			sourceTree = "<group>";
		};
		BBF340F324A8434D0067AAA3 /* Work_Sans */ = {
			isa = PBXGroup;
			children = (
				BBF340F424A8434D0067AAA3 /* WorkSans-Regular.ttf */,
				BBF340F524A8434D0067AAA3 /* WorkSans-Light.ttf */,
				BBF340F624A8434D0067AAA3 /* WorkSans-ExtraBold.ttf */,
				BBF340F724A8434D0067AAA3 /* WorkSans-ExtraLight.ttf */,
				BBF340F824A8434D0067AAA3 /* WorkSans-Medium.ttf */,
				BBF340F924A8434D0067AAA3 /* WorkSans-SemiBold.ttf */,
				BBF340FA24A8434D0067AAA3 /* OFL.txt */,
				BBF340FB24A8434D0067AAA3 /* WorkSans-Thin.ttf */,
				BBF340FC24A8434D0067AAA3 /* WorkSans-Black.ttf */,
				BBF340FD24A8434D0067AAA3 /* WorkSans-Bold.ttf */,
			);
			path = Work_Sans;
			sourceTree = "<group>";
		};
		EC4E8DED14CCE58FC9C2B5F1 /* Frameworks */ = {
			isa = PBXGroup;
			children = (
				11194690854AD27A296CEF0A /* Pods_DesignCode.framework */,
			);
			name = Frameworks;
			sourceTree = "<group>";
		};
/* End PBXGroup section */

/* Begin PBXNativeTarget section */
		BB7FC73524A49FAF008FD8F8 /* DesignCode */ = {
			isa = PBXNativeTarget;
			buildConfigurationList = BB7FC74A24A49FBB008FD8F8 /* Build configuration list for PBXNativeTarget "DesignCode" */;
			buildPhases = (
				731883E6B33896BC319A90B7 /* [CP] Check Pods Manifest.lock */,
				BB7FC73224A49FAF008FD8F8 /* Sources */,
				BB7FC73324A49FAF008FD8F8 /* Frameworks */,
				BB7FC73424A49FAF008FD8F8 /* Resources */,
				FBBFFC649A840A0C1B0D548A /* [CP] Embed Pods Frameworks */,
			);
			buildRules = (
			);
			dependencies = (
			);
			name = DesignCode;
			packageProductDependencies = (
			);
			productName = DesignCode;
			productReference = BB7FC73624A49FAF008FD8F8 /* DesignCode.app */;
			productType = "com.apple.product-type.application";
		};
/* End PBXNativeTarget section */

/* Begin PBXProject section */
		BB7FC72E24A49FAF008FD8F8 /* Project object */ = {
			isa = PBXProject;
			attributes = {
				CLASSPREFIX = QC;
				LastSwiftUpdateCheck = 1150;
				LastUpgradeCheck = 1150;
				ORGANIZATIONNAME = weiqiucen;
				TargetAttributes = {
					BB7FC73524A49FAF008FD8F8 = {
						CreatedOnToolsVersion = 11.5;
					};
				};
			};
			buildConfigurationList = BB7FC73124A49FAF008FD8F8 /* Build configuration list for PBXProject "DesignCode" */;
			compatibilityVersion = "Xcode 9.3";
			developmentRegion = en;
			hasScannedForEncodings = 0;
			knownRegions = (
				en,
				Base,
			);
			mainGroup = BB7FC72D24A49FAF008FD8F8;
			packageReferences = (
			);
			productRefGroup = BB7FC73724A49FAF008FD8F8 /* Products */;
			projectDirPath = "";
			projectRoot = "";
			targets = (
				BB7FC73524A49FAF008FD8F8 /* DesignCode */,
			);
		};
/* End PBXProject section */

/* Begin PBXResourcesBuildPhase section */
		BB7FC73424A49FAF008FD8F8 /* Resources */ = {
			isa = PBXResourcesBuildPhase;
			buildActionMask = 2147483647;
			files = (
				BBF3410624A8434D0067AAA3 /* WorkSans-Black.ttf in Resources */,
				BBF3410424A8434D0067AAA3 /* OFL.txt in Resources */,
				BBF3410124A8434D0067AAA3 /* WorkSans-ExtraLight.ttf in Resources */,
				BB7FC74624A49FBB008FD8F8 /* LaunchScreen.storyboard in Resources */,
				BB693B1F24B0AEF0009F079B /* loading.json in Resources */,
				BB693B2024B0AEF0009F079B /* success.json in Resources */,
				BB7FC74E24A4A0BD008FD8F8 /* Assets.xcassets in Resources */,
				BB7FC74324A49FBB008FD8F8 /* Preview Assets.xcassets in Resources */,
				BBF3410524A8434D0067AAA3 /* WorkSans-Thin.ttf in Resources */,
				BB693B2B24B0DEDA009F079B /* GoogleService-Info.plist in Resources */,
				BBF340FE24A8434D0067AAA3 /* WorkSans-Regular.ttf in Resources */,
				BBF3410224A8434D0067AAA3 /* WorkSans-Medium.ttf in Resources */,
				BBF3410324A8434D0067AAA3 /* WorkSans-SemiBold.ttf in Resources */,
				BBF3410724A8434D0067AAA3 /* WorkSans-Bold.ttf in Resources */,
				BBF3410024A8434D0067AAA3 /* WorkSans-ExtraBold.ttf in Resources */,
				BBF340FF24A8434D0067AAA3 /* WorkSans-Light.ttf in Resources */,
			);
			runOnlyForDeploymentPostprocessing = 0;
		};
/* End PBXResourcesBuildPhase section */

/* Begin PBXShellScriptBuildPhase section */
		731883E6B33896BC319A90B7 /* [CP] Check Pods Manifest.lock */ = {
			isa = PBXShellScriptBuildPhase;
			buildActionMask = 2147483647;
			files = (
			);
			inputFileListPaths = (
			);
			inputPaths = (
				"${PODS_PODFILE_DIR_PATH}/Podfile.lock",
				"${PODS_ROOT}/Manifest.lock",
			);
			name = "[CP] Check Pods Manifest.lock";
			outputFileListPaths = (
			);
			outputPaths = (
				"$(DERIVED_FILE_DIR)/Pods-DesignCode-checkManifestLockResult.txt",
			);
			runOnlyForDeploymentPostprocessing = 0;
			shellPath = /bin/sh;
			shellScript = "diff \"${PODS_PODFILE_DIR_PATH}/Podfile.lock\" \"${PODS_ROOT}/Manifest.lock\" > /dev/null\nif [ $? != 0 ] ; then\n    # print error to STDERR\n    echo \"error: The sandbox is not in sync with the Podfile.lock. Run 'pod install' or update your CocoaPods installation.\" >&2\n    exit 1\nfi\n# This output is used by Xcode 'outputs' to avoid re-running this script phase.\necho \"SUCCESS\" > \"${SCRIPT_OUTPUT_FILE_0}\"\n";
			showEnvVarsInLog = 0;
		};
		FBBFFC649A840A0C1B0D548A /* [CP] Embed Pods Frameworks */ = {
			isa = PBXShellScriptBuildPhase;
			buildActionMask = 2147483647;
			files = (
			);
			inputFileListPaths = (
				"${PODS_ROOT}/Target Support Files/Pods-DesignCode/Pods-DesignCode-frameworks-${CONFIGURATION}-input-files.xcfilelist",
			);
			name = "[CP] Embed Pods Frameworks";
			outputFileListPaths = (
				"${PODS_ROOT}/Target Support Files/Pods-DesignCode/Pods-DesignCode-frameworks-${CONFIGURATION}-output-files.xcfilelist",
			);
			runOnlyForDeploymentPostprocessing = 0;
			shellPath = /bin/sh;
			shellScript = "\"${PODS_ROOT}/Target Support Files/Pods-DesignCode/Pods-DesignCode-frameworks.sh\"\n";
			showEnvVarsInLog = 0;
		};
/* End PBXShellScriptBuildPhase section */

/* Begin PBXSourcesBuildPhase section */
		BB7FC73224A49FAF008FD8F8 /* Sources */ = {
			isa = PBXSourcesBuildPhase;
			buildActionMask = 2147483647;
			files = (
				BB57D72624A770FA00C3DBA1 /* QCUpdateDetailView.swift in Sources */,
				BBD24A1A24B048A2001B68E2 /* QCLoginView.swift in Sources */,
				BBF3410F24AA58E40067AAA3 /* QCPostList.swift in Sources */,
				BB57D72224A7371C00C3DBA1 /* QCHomeDetailView.swift in Sources */,
				BB99F48E24AC40010077D7FC /* QCBlurView.swift in Sources */,
				BBF340F224A83C8D0067AAA3 /* QCModifiers.swift in Sources */,
				BB693B2924B0C6AC009F079B /* QCSuccessView.swift in Sources */,
				BB7FC73A24A49FAF008FD8F8 /* AppDelegate.swift in Sources */,
				BB57D72424A7546A00C3DBA1 /* QCUpdatesListView.swift in Sources */,
				BB7FC73C24A49FAF008FD8F8 /* SceneDelegate.swift in Sources */,
				BBD9210B24AB66F700539CC9 /* QCDataStore.swift in Sources */,
				BBF3410924A87AB50067AAA3 /* QCCourseListView.swift in Sources */,
				BB7FC73E24A49FAF008FD8F8 /* QCContentView.swift in Sources */,
				BBD9211024AB72A900539CC9 /* QCCourseStore.swift in Sources */,
				BB57D72824A778EE00C3DBA1 /* QCUpdateStore.swift in Sources */,
				BB693B2724B0B65E009F079B /* QCLoadingView.swift in Sources */,
				BB2D94BC24ADD15E00487227 /* QCButtons.swift in Sources */,
				BB57D72C24A7B16F00C3DBA1 /* QCRingView.swift in Sources */,
				BB66A17A24A61792004F82D4 /* QCMenuView.swift in Sources */,
				BBE59F2E24B1893900F5D3DD /* QCUserStore.swift in Sources */,
				BBF3410B24AA186A0067AAA3 /* QCCourseDetail.swift in Sources */,
				BB57D72A24A7963A00C3DBA1 /* QCTabBarView.swift in Sources */,
				BB693B2524B0B24D009F079B /* QCLottieView.swift in Sources */,
				BBF3410D24AA35F00067AAA3 /* QCData.swift in Sources */,
				BB57D72024A717CD00C3DBA1 /* QCHomeView.swift in Sources */,
			);
			runOnlyForDeploymentPostprocessing = 0;
		};
/* End PBXSourcesBuildPhase section */

/* Begin PBXVariantGroup section */
		BB7FC74424A49FBB008FD8F8 /* LaunchScreen.storyboard */ = {
			isa = PBXVariantGroup;
			children = (
				BB7FC74524A49FBB008FD8F8 /* Base */,
			);
			name = LaunchScreen.storyboard;
			sourceTree = "<group>";
		};
/* End PBXVariantGroup section */

/* Begin XCBuildConfiguration section */
		BB7FC74824A49FBB008FD8F8 /* Debug */ = {
			isa = XCBuildConfiguration;
			buildSettings = {
				ALWAYS_SEARCH_USER_PATHS = NO;
				CLANG_ANALYZER_NONNULL = YES;
				CLANG_ANALYZER_NUMBER_OBJECT_CONVERSION = YES_AGGRESSIVE;
				CLANG_CXX_LANGUAGE_STANDARD = "gnu++14";
				CLANG_CXX_LIBRARY = "libc++";
				CLANG_ENABLE_MODULES = YES;
				CLANG_ENABLE_OBJC_ARC = YES;
				CLANG_ENABLE_OBJC_WEAK = YES;
				CLANG_WARN_BLOCK_CAPTURE_AUTORELEASING = YES;
				CLANG_WARN_BOOL_CONVERSION = YES;
				CLANG_WARN_COMMA = YES;
				CLANG_WARN_CONSTANT_CONVERSION = YES;
				CLANG_WARN_DEPRECATED_OBJC_IMPLEMENTATIONS = YES;
				CLANG_WARN_DIRECT_OBJC_ISA_USAGE = YES_ERROR;
				CLANG_WARN_DOCUMENTATION_COMMENTS = YES;
				CLANG_WARN_EMPTY_BODY = YES;
				CLANG_WARN_ENUM_CONVERSION = YES;
				CLANG_WARN_INFINITE_RECURSION = YES;
				CLANG_WARN_INT_CONVERSION = YES;
				CLANG_WARN_NON_LITERAL_NULL_CONVERSION = YES;
				CLANG_WARN_OBJC_IMPLICIT_RETAIN_SELF = YES;
				CLANG_WARN_OBJC_LITERAL_CONVERSION = YES;
				CLANG_WARN_OBJC_ROOT_CLASS = YES_ERROR;
				CLANG_WARN_RANGE_LOOP_ANALYSIS = YES;
				CLANG_WARN_STRICT_PROTOTYPES = YES;
				CLANG_WARN_SUSPICIOUS_MOVE = YES;
				CLANG_WARN_UNGUARDED_AVAILABILITY = YES_AGGRESSIVE;
				CLANG_WARN_UNREACHABLE_CODE = YES;
				CLANG_WARN__DUPLICATE_METHOD_MATCH = YES;
				COPY_PHASE_STRIP = NO;
				DEBUG_INFORMATION_FORMAT = dwarf;
				ENABLE_STRICT_OBJC_MSGSEND = YES;
				ENABLE_TESTABILITY = YES;
				GCC_C_LANGUAGE_STANDARD = gnu11;
				GCC_DYNAMIC_NO_PIC = NO;
				GCC_NO_COMMON_BLOCKS = YES;
				GCC_OPTIMIZATION_LEVEL = 0;
				GCC_PREPROCESSOR_DEFINITIONS = (
					"DEBUG=1",
					"$(inherited)",
				);
				GCC_WARN_64_TO_32_BIT_CONVERSION = YES;
				GCC_WARN_ABOUT_RETURN_TYPE = YES_ERROR;
				GCC_WARN_UNDECLARED_SELECTOR = YES;
				GCC_WARN_UNINITIALIZED_AUTOS = YES_AGGRESSIVE;
				GCC_WARN_UNUSED_FUNCTION = YES;
				GCC_WARN_UNUSED_VARIABLE = YES;
				IPHONEOS_DEPLOYMENT_TARGET = 13.5;
				MTL_ENABLE_DEBUG_INFO = INCLUDE_SOURCE;
				MTL_FAST_MATH = YES;
				ONLY_ACTIVE_ARCH = YES;
				SDKROOT = iphoneos;
				SWIFT_ACTIVE_COMPILATION_CONDITIONS = DEBUG;
				SWIFT_OPTIMIZATION_LEVEL = "-Onone";
			};
			name = Debug;
		};
		BB7FC74924A49FBB008FD8F8 /* Release */ = {
			isa = XCBuildConfiguration;
			buildSettings = {
				ALWAYS_SEARCH_USER_PATHS = NO;
				CLANG_ANALYZER_NONNULL = YES;
				CLANG_ANALYZER_NUMBER_OBJECT_CONVERSION = YES_AGGRESSIVE;
				CLANG_CXX_LANGUAGE_STANDARD = "gnu++14";
				CLANG_CXX_LIBRARY = "libc++";
				CLANG_ENABLE_MODULES = YES;
				CLANG_ENABLE_OBJC_ARC = YES;
				CLANG_ENABLE_OBJC_WEAK = YES;
				CLANG_WARN_BLOCK_CAPTURE_AUTORELEASING = YES;
				CLANG_WARN_BOOL_CONVERSION = YES;
				CLANG_WARN_COMMA = YES;
				CLANG_WARN_CONSTANT_CONVERSION = YES;
				CLANG_WARN_DEPRECATED_OBJC_IMPLEMENTATIONS = YES;
				CLANG_WARN_DIRECT_OBJC_ISA_USAGE = YES_ERROR;
				CLANG_WARN_DOCUMENTATION_COMMENTS = YES;
				CLANG_WARN_EMPTY_BODY = YES;
				CLANG_WARN_ENUM_CONVERSION = YES;
				CLANG_WARN_INFINITE_RECURSION = YES;
				CLANG_WARN_INT_CONVERSION = YES;
				CLANG_WARN_NON_LITERAL_NULL_CONVERSION = YES;
				CLANG_WARN_OBJC_IMPLICIT_RETAIN_SELF = YES;
				CLANG_WARN_OBJC_LITERAL_CONVERSION = YES;
				CLANG_WARN_OBJC_ROOT_CLASS = YES_ERROR;
				CLANG_WARN_RANGE_LOOP_ANALYSIS = YES;
				CLANG_WARN_STRICT_PROTOTYPES = YES;
				CLANG_WARN_SUSPICIOUS_MOVE = YES;
				CLANG_WARN_UNGUARDED_AVAILABILITY = YES_AGGRESSIVE;
				CLANG_WARN_UNREACHABLE_CODE = YES;
				CLANG_WARN__DUPLICATE_METHOD_MATCH = YES;
				COPY_PHASE_STRIP = NO;
				DEBUG_INFORMATION_FORMAT = "dwarf-with-dsym";
				ENABLE_NS_ASSERTIONS = NO;
				ENABLE_STRICT_OBJC_MSGSEND = YES;
				GCC_C_LANGUAGE_STANDARD = gnu11;
				GCC_NO_COMMON_BLOCKS = YES;
				GCC_WARN_64_TO_32_BIT_CONVERSION = YES;
				GCC_WARN_ABOUT_RETURN_TYPE = YES_ERROR;
				GCC_WARN_UNDECLARED_SELECTOR = YES;
				GCC_WARN_UNINITIALIZED_AUTOS = YES_AGGRESSIVE;
				GCC_WARN_UNUSED_FUNCTION = YES;
				GCC_WARN_UNUSED_VARIABLE = YES;
				IPHONEOS_DEPLOYMENT_TARGET = 13.5;
				MTL_ENABLE_DEBUG_INFO = NO;
				MTL_FAST_MATH = YES;
				SDKROOT = iphoneos;
				SWIFT_COMPILATION_MODE = wholemodule;
				SWIFT_OPTIMIZATION_LEVEL = "-O";
				VALIDATE_PRODUCT = YES;
			};
			name = Release;
		};
		BB7FC74B24A49FBB008FD8F8 /* Debug */ = {
			isa = XCBuildConfiguration;
			baseConfigurationReference = 060396F5C35303A15FEDED61 /* Pods-DesignCode.debug.xcconfig */;
			buildSettings = {
				ASSETCATALOG_COMPILER_APPICON_NAME = AppIcon;
				CODE_SIGN_STYLE = Automatic;
				DEAD_CODE_STRIPPING = NO;
				DEVELOPMENT_ASSET_PATHS = "DesignCode/Preview\\ Content DesignCode/Preview\\ Content/Preview\\ Assets.xcassets";
				DEVELOPMENT_TEAM = "";
				ENABLE_PREVIEWS = YES;
				INFOPLIST_FILE = DesignCode/Info.plist;
				IPHONEOS_DEPLOYMENT_TARGET = 13.0;
				LD_RUNPATH_SEARCH_PATHS = (
					"$(inherited)",
					"@executable_path/Frameworks",
				);
				PRODUCT_BUNDLE_IDENTIFIER = com.qiucen.DesignCode;
				PRODUCT_NAME = "$(TARGET_NAME)";
				SWIFT_VERSION = 5.0;
				TARGETED_DEVICE_FAMILY = "1,2";
			};
			name = Debug;
		};
		BB7FC74C24A49FBB008FD8F8 /* Release */ = {
			isa = XCBuildConfiguration;
			baseConfigurationReference = A3DC9C0168992AED7338FF93 /* Pods-DesignCode.release.xcconfig */;
			buildSettings = {
				ASSETCATALOG_COMPILER_APPICON_NAME = AppIcon;
				CODE_SIGN_STYLE = Automatic;
				DEAD_CODE_STRIPPING = NO;
				DEVELOPMENT_ASSET_PATHS = "DesignCode/Preview\\ Content DesignCode/Preview\\ Content/Preview\\ Assets.xcassets";
				DEVELOPMENT_TEAM = "";
				ENABLE_PREVIEWS = YES;
				INFOPLIST_FILE = DesignCode/Info.plist;
				IPHONEOS_DEPLOYMENT_TARGET = 13.0;
				LD_RUNPATH_SEARCH_PATHS = (
					"$(inherited)",
					"@executable_path/Frameworks",
				);
				PRODUCT_BUNDLE_IDENTIFIER = com.qiucen.DesignCode;
				PRODUCT_NAME = "$(TARGET_NAME)";
				SWIFT_VERSION = 5.0;
				TARGETED_DEVICE_FAMILY = "1,2";
			};
			name = Release;
		};
/* End XCBuildConfiguration section */

/* Begin XCConfigurationList section */
		BB7FC73124A49FAF008FD8F8 /* Build configuration list for PBXProject "DesignCode" */ = {
			isa = XCConfigurationList;
			buildConfigurations = (
				BB7FC74824A49FBB008FD8F8 /* Debug */,
				BB7FC74924A49FBB008FD8F8 /* Release */,
			);
			defaultConfigurationIsVisible = 0;
			defaultConfigurationName = Release;
		};
		BB7FC74A24A49FBB008FD8F8 /* Build configuration list for PBXNativeTarget "DesignCode" */ = {
			isa = XCConfigurationList;
			buildConfigurations = (
				BB7FC74B24A49FBB008FD8F8 /* Debug */,
				BB7FC74C24A49FBB008FD8F8 /* Release */,
			);
			defaultConfigurationIsVisible = 0;
			defaultConfigurationName = Release;
		};
/* End XCConfigurationList section */
	};
	rootObject = BB7FC72E24A49FAF008FD8F8 /* Project object */;
}
